
Microsoft Visual Studio Solution File, Format Version 12.00
# Visual Studio Version 16
VisualStudioVersion = 16.0.31515.178
MinimumVisualStudioVersion = 10.0.40219.1
Project("{FAE04EC0-301F-11D3-BF4B-00C04F79EFBC}") = "Cumic.Web", "Cumic.Web\Cumic.Web.csproj", "{094D745E-8BB9-49EE-9334-D2B6EA1F826E}"
EndProject
Project("{FAE04EC0-301F-11D3-BF4B-00C04F79EFBC}") = "CumicEntities", "CumicEntities\CumicEntities.csproj", "{02231626-B6F7-4FFD-B693-746B8EAA886B}"
EndProject
Project("{FAE04EC0-301F-11D3-BF4B-00C04F79EFBC}") = "Cumic.Database", "Cumic.Database\Cumic.Database.csproj", "{4BE7190E-10B8-4129-9A8D-7FF7B6EC9D7D}"
EndProject
Global
	GlobalSection(SolutionConfigurationPlatforms) = preSolution
		Debug|Any CPU = Debug|Any CPU
		Release|Any CPU = Release|Any CPU
	EndGlobalSection
	GlobalSection(ProjectConfigurationPlatforms) = postSolution
		{094D745E-8BB9-49EE-9334-D2B6EA1F826E}.Debug|Any CPU.ActiveCfg = Debug|Any CPU
		{094D745E-8BB9-49EE-9334-D2B6EA1F826E}.Debug|Any CPU.Build.0 = Debug|Any CPU
		{094D745E-8BB9-49EE-9334-D2B6EA1F826E}.Release|Any CPU.ActiveCfg = Release|Any CPU
		{094D745E-8BB9-49EE-9334-D2B6EA1F826E}.Release|Any CPU.Build.0 = Release|Any CPU
		{02231626-B6F7-4FFD-B693-746B8EAA886B}.Debug|Any CPU.ActiveCfg = Debug|Any CPU
		{02231626-B6F7-4FFD-B693-746B8EAA886B}.Debug|Any CPU.Build.0 = Debug|Any CPU
		{02231626-B6F7-4FFD-B693-746B8EAA886B}.Release|Any CPU.ActiveCfg = Release|Any CPU
		{02231626-B6F7-4FFD-B693-746B8EAA886B}.Release|Any CPU.Build.0 = Release|Any CPU
		{4BE7190E-10B8-4129-9A8D-7FF7B6EC9D7D}.Debug|Any CPU.ActiveCfg = Debug|Any CPU
		{4BE7190E-10B8-4129-9A8D-7FF7B6EC9D7D}.Debug|Any CPU.Build.0 = Debug|Any CPU
		{4BE7190E-10B8-4129-9A8D-7FF7B6EC9D7D}.Release|Any CPU.ActiveCfg = Release|Any CPU
		{4BE7190E-10B8-4129-9A8D-7FF7B6EC9D7D}.Release|Any CPU.Build.0 = Release|Any CPU
	EndGlobalSection
	GlobalSection(SolutionProperties) = preSolution
		HideSolutionNode = FALSE
	EndGlobalSection
	GlobalSection(ExtensibilityGlobals) = postSolution
		SolutionGuid = {73083DC1-2AAF-49CC-8091-9F699430183F}
	EndGlobalSection
EndGlobal
